
Microsoft Visual Studio Solution File, Format Version 12.00
# Visual Studio Version 17
VisualStudioVersion = 17.5.33530.505
MinimumVisualStudioVersion = 10.0.40219.1
Project("{2150E333-8FDC-42A3-9474-1A3956D46DE8}") = "1 - Presentation Layer", "1 - Presentation Layer", "{7269FDF7-5183-415D-AB2C-CA05926EC409}"
EndProject
Project("{2150E333-8FDC-42A3-9474-1A3956D46DE8}") = "2 - Domain Layer", "2 - Domain Layer", "{552C3FAD-4213-4560-AE91-53123B949765}"
EndProject
Project("{2150E333-8FDC-42A3-9474-1A3956D46DE8}") = "3 - Repository Layer", "3 - Repository Layer", "{EF6716EC-E88C-4BC1-A1FE-B5D99DDB8E07}"
EndProject
Project("{9A19103F-16F7-4668-BE54-9A1E7A4F7556}") = "ProjetoApiEntittyFramework.Domain", "ProjetoApiEntittyFramework.Domain\ProjetoApiEntittyFramework.Domain.csproj", "{63A79DBD-6EED-4934-BA41-13E43405C32A}"
EndProject
Project("{9A19103F-16F7-4668-BE54-9A1E7A4F7556}") = "ProjetoApiEntittyFramework.Infra", "ProjetoApiEntittyFramework.Infra\ProjetoApiEntittyFramework.Infra.csproj", "{A593C9CE-8D6E-4E26-86EF-A792311FA6D2}"
EndProject
Project("{FAE04EC0-301F-11D3-BF4B-00C04F79EFBC}") = "ProjetoApiEntityFramework.Presentation", "ProjetoApiEntityFramework.Presentation\ProjetoApiEntityFramework.Presentation.csproj", "{5FE5CCD9-25D8-48B1-97C4-ECB75D0E555B}"
EndProject
Global
	GlobalSection(SolutionConfigurationPlatforms) = preSolution
		Debug|Any CPU = Debug|Any CPU
		Release|Any CPU = Release|Any CPU
	EndGlobalSection
	GlobalSection(ProjectConfigurationPlatforms) = postSolution
		{63A79DBD-6EED-4934-BA41-13E43405C32A}.Debug|Any CPU.ActiveCfg = Debug|Any CPU
		{63A79DBD-6EED-4934-BA41-13E43405C32A}.Debug|Any CPU.Build.0 = Debug|Any CPU
		{63A79DBD-6EED-4934-BA41-13E43405C32A}.Release|Any CPU.ActiveCfg = Release|Any CPU
		{63A79DBD-6EED-4934-BA41-13E43405C32A}.Release|Any CPU.Build.0 = Release|Any CPU
		{A593C9CE-8D6E-4E26-86EF-A792311FA6D2}.Debug|Any CPU.ActiveCfg = Debug|Any CPU
		{A593C9CE-8D6E-4E26-86EF-A792311FA6D2}.Debug|Any CPU.Build.0 = Debug|Any CPU
		{A593C9CE-8D6E-4E26-86EF-A792311FA6D2}.Release|Any CPU.ActiveCfg = Release|Any CPU
		{A593C9CE-8D6E-4E26-86EF-A792311FA6D2}.Release|Any CPU.Build.0 = Release|Any CPU
		{5FE5CCD9-25D8-48B1-97C4-ECB75D0E555B}.Debug|Any CPU.ActiveCfg = Debug|Any CPU
		{5FE5CCD9-25D8-48B1-97C4-ECB75D0E555B}.Debug|Any CPU.Build.0 = Debug|Any CPU
		{5FE5CCD9-25D8-48B1-97C4-ECB75D0E555B}.Release|Any CPU.ActiveCfg = Release|Any CPU
		{5FE5CCD9-25D8-48B1-97C4-ECB75D0E555B}.Release|Any CPU.Build.0 = Release|Any CPU
	EndGlobalSection
	GlobalSection(SolutionProperties) = preSolution
		HideSolutionNode = FALSE
	EndGlobalSection
	GlobalSection(NestedProjects) = preSolution
		{63A79DBD-6EED-4934-BA41-13E43405C32A} = {552C3FAD-4213-4560-AE91-53123B949765}
		{A593C9CE-8D6E-4E26-86EF-A792311FA6D2} = {EF6716EC-E88C-4BC1-A1FE-B5D99DDB8E07}
		{5FE5CCD9-25D8-48B1-97C4-ECB75D0E555B} = {7269FDF7-5183-415D-AB2C-CA05926EC409}
	EndGlobalSection
	GlobalSection(ExtensibilityGlobals) = postSolution
		SolutionGuid = {D20C1C9D-2067-4354-AE36-8627BAE0634B}
	EndGlobalSection
EndGlobal
